
Microsoft Visual Studio Solution File, Format Version 12.00
# Visual Studio Version 16
VisualStudioVersion = 16.0.31321.278
MinimumVisualStudioVersion = 10.0.40219.1
Project("{8BC9CEB8-8B4A-11D0-8D11-00A0C91BC942}") = "DES", "DES\DES.vcxproj", "{ABB1A1C8-89F9-4E53-889C-FAA1D11B7CD4}"
EndProject
Global
	GlobalSection(SolutionConfigurationPlatforms) = preSolution
		Debug|x64 = Debug|x64
		Debug|x86 = Debug|x86
		Release|x64 = Release|x64
		Release|x86 = Release|x86
	EndGlobalSection
	GlobalSection(ProjectConfigurationPlatforms) = postSolution
		{ABB1A1C8-89F9-4E53-889C-FAA1D11B7CD4}.Debug|x64.ActiveCfg = Debug|x64
		{ABB1A1C8-89F9-4E53-889C-FAA1D11B7CD4}.Debug|x64.Build.0 = Debug|x64
		{ABB1A1C8-89F9-4E53-889C-FAA1D11B7CD4}.Debug|x86.ActiveCfg = Debug|Win32
		{ABB1A1C8-89F9-4E53-889C-FAA1D11B7CD4}.Debug|x86.Build.0 = Debug|Win32
		{ABB1A1C8-89F9-4E53-889C-FAA1D11B7CD4}.Release|x64.ActiveCfg = Release|x64
		{ABB1A1C8-89F9-4E53-889C-FAA1D11B7CD4}.Release|x64.Build.0 = Release|x64
		{ABB1A1C8-89F9-4E53-889C-FAA1D11B7CD4}.Release|x86.ActiveCfg = Release|Win32
		{ABB1A1C8-89F9-4E53-889C-FAA1D11B7CD4}.Release|x86.Build.0 = Release|Win32
	EndGlobalSection
	GlobalSection(SolutionProperties) = preSolution
		HideSolutionNode = FALSE
	EndGlobalSection
	GlobalSection(ExtensibilityGlobals) = postSolution
		SolutionGuid = {AEF6DEAD-338D-4DAC-A2A3-245A4C6CDD3E}
	EndGlobalSection
EndGlobal
